
Microsoft Visual Studio Solution File, Format Version 12.00
# Visual Studio 2013
VisualStudioVersion = 12.0.21005.1
MinimumVisualStudioVersion = 10.0.40219.1
Project("{FAE04EC0-301F-11D3-BF4B-00C04F79EFBC}") = "Modpack", "Modpack\Modpack.csproj", "{31E08C85-4AD6-4B49-82E2-92FA27F2EAE5}"
EndProject
Global
	GlobalSection(SolutionConfigurationPlatforms) = preSolution
		Debug|Any CPU = Debug|Any CPU
		Release|Any CPU = Release|Any CPU
	EndGlobalSection
	GlobalSection(ProjectConfigurationPlatforms) = postSolution
		{31E08C85-4AD6-4B49-82E2-92FA27F2EAE5}.Debug|Any CPU.ActiveCfg = Debug|Any CPU
		{31E08C85-4AD6-4B49-82E2-92FA27F2EAE5}.Debug|Any CPU.Build.0 = Debug|Any CPU
		{31E08C85-4AD6-4B49-82E2-92FA27F2EAE5}.Release|Any CPU.ActiveCfg = Release|Any CPU
		{31E08C85-4AD6-4B49-82E2-92FA27F2EAE5}.Release|Any CPU.Build.0 = Release|Any CPU
	EndGlobalSection
	GlobalSection(SolutionProperties) = preSolution
		HideSolutionNode = FALSE
	EndGlobalSection
EndGlobal
